
Microsoft Visual Studio Solution File, Format Version 12.00
# Visual Studio 15
Project("{FAE04EC0-301F-11D3-BF4B-00C04F79EFBC}") = "Assembly-CSharp", "Assembly-CSharp.csproj", "{BEE99576-20B6-A876-6621-3D9A8B99BDCC}"
EndProject
Global
	GlobalSection(SolutionConfigurationPlatforms) = preSolution
		Debug|Any CPU = Debug|Any CPU
		Release|Any CPU = Release|Any CPU
	EndGlobalSection
	GlobalSection(ProjectConfigurationPlatforms) = postSolution
		{BEE99576-20B6-A876-6621-3D9A8B99BDCC}.Debug|Any CPU.ActiveCfg = Debug|Any CPU
		{BEE99576-20B6-A876-6621-3D9A8B99BDCC}.Debug|Any CPU.Build.0 = Debug|Any CPU
		{BEE99576-20B6-A876-6621-3D9A8B99BDCC}.Release|Any CPU.ActiveCfg = Release|Any CPU
		{BEE99576-20B6-A876-6621-3D9A8B99BDCC}.Release|Any CPU.Build.0 = Release|Any CPU
	EndGlobalSection
	GlobalSection(SolutionProperties) = preSolution
		HideSolutionNode = FALSE
	EndGlobalSection
EndGlobal
